// !$*UTF8*$!
{
	archiveVersion = 1;
	classes = {
	};
	objectVersion = 56;
	objects = {

/* Begin PBXBuildFile section */
		BC7935212A0C102100E65E2F /* AppDelegate.swift in Sources */ = {isa = PBXBuildFile; fileRef = BC7935202A0C102100E65E2F /* AppDelegate.swift */; };
		BC7935232A0C102100E65E2F /* SceneDelegate.swift in Sources */ = {isa = PBXBuildFile; fileRef = BC7935222A0C102100E65E2F /* SceneDelegate.swift */; };
		BC7935252A0C102100E65E2F /* ViewController.swift in Sources */ = {isa = PBXBuildFile; fileRef = BC7935242A0C102100E65E2F /* ViewController.swift */; };
		BC7935282A0C102100E65E2F /* Main.storyboard in Resources */ = {isa = PBXBuildFile; fileRef = BC7935262A0C102100E65E2F /* Main.storyboard */; };
		BC79352A2A0C102300E65E2F /* Assets.xcassets in Resources */ = {isa = PBXBuildFile; fileRef = BC7935292A0C102300E65E2F /* Assets.xcassets */; };
		BC79352D2A0C102300E65E2F /* LaunchScreen.storyboard in Resources */ = {isa = PBXBuildFile; fileRef = BC79352B2A0C102300E65E2F /* LaunchScreen.storyboard */; };
/* End PBXBuildFile section */

/* Begin PBXContainerItemProxy section */
		BC7935342A0C102300E65E2F /* PBXContainerItemProxy */ = {
			isa = PBXContainerItemProxy;
			containerPortal = BC7935152A0C102100E65E2F /* Project object */;
			proxyType = 1;
			remoteGlobalIDString = BC79351C2A0C102100E65E2F;
			remoteInfo = bookingtable;
		};
		BC79353E2A0C102300E65E2F /* PBXContainerItemProxy */ = {
			isa = PBXContainerItemProxy;
			containerPortal = BC7935152A0C102100E65E2F /* Project object */;
			proxyType = 1;
			remoteGlobalIDString = BC79351C2A0C102100E65E2F;
			remoteInfo = bookingtable;
		};
/* End PBXContainerItemProxy section */

/* Begin PBXFileReference section */
		BC79351D2A0C102100E65E2F /* bookingtable.app */ = {isa = PBXFileReference; explicitFileType = wrapper.application; includeInIndex = 0; path = bookingtable.app; sourceTree = BUILT_PRODUCTS_DIR; };
		BC7935202A0C102100E65E2F /* AppDelegate.swift */ = {isa = PBXFileReference; lastKnownFileType = sourcecode.swift; path = AppDelegate.swift; sourceTree = "<group>"; };
		BC7935222A0C102100E65E2F /* SceneDelegate.swift */ = {isa = PBXFileReference; lastKnownFileType = sourcecode.swift; path = SceneDelegate.swift; sourceTree = "<group>"; };
		BC7935242A0C102100E65E2F /* ViewController.swift */ = {isa = PBXFileReference; lastKnownFileType = sourcecode.swift; path = ViewController.swift; sourceTree = "<group>"; };
		BC7935272A0C102100E65E2F /* Base */ = {isa = PBXFileReference; lastKnownFileType = file.storyboard; name = Base; path = Base.lproj/Main.storyboard; sourceTree = "<group>"; };
		BC7935292A0C102300E65E2F /* Assets.xcassets */ = {isa = PBXFileReference; lastKnownFileType = folder.assetcatalog; path = Assets.xcassets; sourceTree = "<group>"; };
		BC79352C2A0C102300E65E2F /* Base */ = {isa = PBXFileReference; lastKnownFileType = file.storyboard; name = Base; path = Base.lproj/LaunchScreen.storyboard; sourceTree = "<group>"; };
		BC79352E2A0C102300E65E2F /* Info.plist */ = {isa = PBXFileReference; lastKnownFileType = text.plist.xml; path = Info.plist; sourceTree = "<group>"; };
		BC7935332A0C102300E65E2F /* bookingtableTests.xctest */ = {isa = PBXFileReference; explicitFileType = wrapper.cfbundle; includeInIndex = 0; path = bookingtableTests.xctest; sourceTree = BUILT_PRODUCTS_DIR; };
		BC79353D2A0C102300E65E2F /* bookingtableUITests.xctest */ = {isa = PBXFileReference; explicitFileType = wrapper.cfbundle; includeInIndex = 0; path = bookingtableUITests.xctest; sourceTree = BUILT_PRODUCTS_DIR; };
/* End PBXFileReference section */

/* Begin PBXFrameworksBuildPhase section */
		BC79351A2A0C102100E65E2F /* Frameworks */ = {
			isa = PBXFrameworksBuildPhase;
			buildActionMask = 2147483647;
			files = (
			);
			runOnlyForDeploymentPostprocessing = 0;
		};
		BC7935302A0C102300E65E2F /* Frameworks */ = {
			isa = PBXFrameworksBuildPhase;
			buildActionMask = 2147483647;
			files = (
			);
			runOnlyForDeploymentPostprocessing = 0;
		};
		BC79353A2A0C102300E65E2F /* Frameworks */ = {
			isa = PBXFrameworksBuildPhase;
			buildActionMask = 2147483647;
			files = (
			);
			runOnlyForDeploymentPostprocessing = 0;
		};
/* End PBXFrameworksBuildPhase section */

/* Begin PBXGroup section */
		BC7935142A0C102100E65E2F = {
			isa = PBXGroup;
			children = (
				BC79351F2A0C102100E65E2F /* bookingtable */,
				BC79351E2A0C102100E65E2F /* Products */,
			);
			sourceTree = "<group>";
		};
		BC79351E2A0C102100E65E2F /* Products */ = {
			isa = PBXGroup;
			children = (
				BC79351D2A0C102100E65E2F /* bookingtable.app */,
				BC7935332A0C102300E65E2F /* bookingtableTests.xctest */,
				BC79353D2A0C102300E65E2F /* bookingtableUITests.xctest */,
			);
			name = Products;
			sourceTree = "<group>";
		};
		BC79351F2A0C102100E65E2F /* bookingtable */ = {
			isa = PBXGroup;
			children = (
				BC7935202A0C102100E65E2F /* AppDelegate.swift */,
				BC7935222A0C102100E65E2F /* SceneDelegate.swift */,
				BC7935242A0C102100E65E2F /* ViewController.swift */,
				BC7935262A0C102100E65E2F /* Main.storyboard */,
				BC7935292A0C102300E65E2F /* Assets.xcassets */,
				BC79352B2A0C102300E65E2F /* LaunchScreen.storyboard */,
				BC79352E2A0C102300E65E2F /* Info.plist */,
			);
			path = bookingtable;
			sourceTree = "<group>";
		};
/* End PBXGroup section */

/* Begin PBXNativeTarget section */
		BC79351C2A0C102100E65E2F /* bookingtable */ = {
			isa = PBXNativeTarget;
			buildConfigurationList = BC7935472A0C102300E65E2F /* Build configuration list for PBXNativeTarget "bookingtable" */;
			buildPhases = (
				BC7935192A0C102100E65E2F /* Sources */,
				BC79351A2A0C102100E65E2F /* Frameworks */,
				BC79351B2A0C102100E65E2F /* Resources */,
			);
			buildRules = (
			);
			dependencies = (
			);
			name = bookingtable;
			productName = bookingtable;
			productReference = BC79351D2A0C102100E65E2F /* bookingtable.app */;
			productType = "com.apple.product-type.application";
		};
		BC7935322A0C102300E65E2F /* bookingtableTests */ = {
			isa = PBXNativeTarget;
			buildConfigurationList = BC79354A2A0C102300E65E2F /* Build configuration list for PBXNativeTarget "bookingtableTests" */;
			buildPhases = (
				BC79352F2A0C102300E65E2F /* Sources */,
				BC7935302A0C102300E65E2F /* Frameworks */,
				BC7935312A0C102300E65E2F /* Resources */,
			);
			buildRules = (
			);
			dependencies = (
				BC7935352A0C102300E65E2F /* PBXTargetDependency */,
			);
			name = bookingtableTests;
			productName = bookingtableTests;
			productReference = BC7935332A0C102300E65E2F /* bookingtableTests.xctest */;
			productType = "com.apple.product-type.bundle.unit-test";
		};
		BC79353C2A0C102300E65E2F /* bookingtableUITests */ = {
			isa = PBXNativeTarget;
			buildConfigurationList = BC79354D2A0C102300E65E2F /* Build configuration list for PBXNativeTarget "bookingtableUITests" */;
			buildPhases = (
				BC7935392A0C102300E65E2F /* Sources */,
				BC79353A2A0C102300E65E2F /* Frameworks */,
				BC79353B2A0C102300E65E2F /* Resources */,
			);
			buildRules = (
			);
			dependencies = (
				BC79353F2A0C102300E65E2F /* PBXTargetDependency */,
			);
			name = bookingtableUITests;
			productName = bookingtableUITests;
			productReference = BC79353D2A0C102300E65E2F /* bookingtableUITests.xctest */;
			productType = "com.apple.product-type.bundle.ui-testing";
		};
/* End PBXNativeTarget section */

/* Begin PBXProject section */
		BC7935152A0C102100E65E2F /* Project object */ = {
			isa = PBXProject;
			attributes = {
				BuildIndependentTargetsInParallel = 1;
				LastSwiftUpdateCheck = 1430;
				LastUpgradeCheck = 1430;
				TargetAttributes = {
					BC79351C2A0C102100E65E2F = {
						CreatedOnToolsVersion = 14.3;
					};
					BC7935322A0C102300E65E2F = {
						CreatedOnToolsVersion = 14.3;
						TestTargetID = BC79351C2A0C102100E65E2F;
					};
					BC79353C2A0C102300E65E2F = {
						CreatedOnToolsVersion = 14.3;
						TestTargetID = BC79351C2A0C102100E65E2F;
					};
				};
			};
			buildConfigurationList = BC7935182A0C102100E65E2F /* Build configuration list for PBXProject "bookingtable" */;
			compatibilityVersion = "Xcode 14.0";
			developmentRegion = en;
			hasScannedForEncodings = 0;
			knownRegions = (
				en,
				Base,
			);
			mainGroup = BC7935142A0C102100E65E2F;
			productRefGroup = BC79351E2A0C102100E65E2F /* Products */;
			projectDirPath = "";
			projectRoot = "";
			targets = (
				BC79351C2A0C102100E65E2F /* bookingtable */,
				BC7935322A0C102300E65E2F /* bookingtableTests */,
				BC79353C2A0C102300E65E2F /* bookingtableUITests */,
			);
		};
/* End PBXProject section */

/* Begin PBXResourcesBuildPhase section */
		BC79351B2A0C102100E65E2F /* Resources */ = {
			isa = PBXResourcesBuildPhase;
			buildActionMask = 2147483647;
			files = (
				BC79352D2A0C102300E65E2F /* LaunchScreen.storyboard in Resources */,
				BC79352A2A0C102300E65E2F /* Assets.xcassets in Resources */,
				BC7935282A0C102100E65E2F /* Main.storyboard in Resources */,
			);
			runOnlyForDeploymentPostprocessing = 0;
		};
		BC7935312A0C102300E65E2F /* Resources */ = {
			isa = PBXResourcesBuildPhase;
			buildActionMask = 2147483647;
			files = (
			);
			runOnlyForDeploymentPostprocessing = 0;
		};
		BC79353B2A0C102300E65E2F /* Resources */ = {
			isa = PBXResourcesBuildPhase;
			buildActionMask = 2147483647;
			files = (
			);
			runOnlyForDeploymentPostprocessing = 0;
		};
/* End PBXResourcesBuildPhase section */

/* Begin PBXSourcesBuildPhase section */
		BC7935192A0C102100E65E2F /* Sources */ = {
			isa = PBXSourcesBuildPhase;
			buildActionMask = 2147483647;
			files = (
				BC7935252A0C102100E65E2F /* ViewController.swift in Sources */,
				BC7935212A0C102100E65E2F /* AppDelegate.swift in Sources */,
				BC7935232A0C102100E65E2F /* SceneDelegate.swift in Sources */,
			);
			runOnlyForDeploymentPostprocessing = 0;
		};
		BC79352F2A0C102300E65E2F /* Sources */ = {
			isa = PBXSourcesBuildPhase;
			buildActionMask = 2147483647;
			files = (
			);
			runOnlyForDeploymentPostprocessing = 0;
		};
		BC7935392A0C102300E65E2F /* Sources */ = {
			isa = PBXSourcesBuildPhase;
			buildActionMask = 2147483647;
			files = (
			);
			runOnlyForDeploymentPostprocessing = 0;
		};
/* End PBXSourcesBuildPhase section */

/* Begin PBXTargetDependency section */
		BC7935352A0C102300E65E2F /* PBXTargetDependency */ = {
			isa = PBXTargetDependency;
			target = BC79351C2A0C102100E65E2F /* bookingtable */;
			targetProxy = BC7935342A0C102300E65E2F /* PBXContainerItemProxy */;
		};
		BC79353F2A0C102300E65E2F /* PBXTargetDependency */ = {
			isa = PBXTargetDependency;
			target = BC79351C2A0C102100E65E2F /* bookingtable */;
			targetProxy = BC79353E2A0C102300E65E2F /* PBXContainerItemProxy */;
		};
/* End PBXTargetDependency section */

/* Begin PBXVariantGroup section */
		BC7935262A0C102100E65E2F /* Main.storyboard */ = {
			isa = PBXVariantGroup;
			children = (
				BC7935272A0C102100E65E2F /* Base */,
			);
			name = Main.storyboard;
			sourceTree = "<group>";
		};
		BC79352B2A0C102300E65E2F /* LaunchScreen.storyboard */ = {
			isa = PBXVariantGroup;
			children = (
				BC79352C2A0C102300E65E2F /* Base */,
			);
			name = LaunchScreen.storyboard;
			sourceTree = "<group>";
		};
/* End PBXVariantGroup section */

/* Begin XCBuildConfiguration section */
		BC7935452A0C102300E65E2F /* Debug */ = {
			isa = XCBuildConfiguration;
			buildSettings = {
				ALWAYS_SEARCH_USER_PATHS = NO;
				CLANG_ANALYZER_NONNULL = YES;
				CLANG_ANALYZER_NUMBER_OBJECT_CONVERSION = YES_AGGRESSIVE;
				CLANG_CXX_LANGUAGE_STANDARD = "gnu++20";
				CLANG_ENABLE_MODULES = YES;
				CLANG_ENABLE_OBJC_ARC = YES;
				CLANG_ENABLE_OBJC_WEAK = YES;
				CLANG_WARN_BLOCK_CAPTURE_AUTORELEASING = YES;
				CLANG_WARN_BOOL_CONVERSION = YES;
				CLANG_WARN_COMMA = YES;
				CLANG_WARN_CONSTANT_CONVERSION = YES;
				CLANG_WARN_DEPRECATED_OBJC_IMPLEMENTATIONS = YES;
				CLANG_WARN_DIRECT_OBJC_ISA_USAGE = YES_ERROR;
				CLANG_WARN_DOCUMENTATION_COMMENTS = YES;
				CLANG_WARN_EMPTY_BODY = YES;
				CLANG_WARN_ENUM_CONVERSION = YES;
				CLANG_WARN_INFINITE_RECURSION = YES;
				CLANG_WARN_INT_CONVERSION = YES;
				CLANG_WARN_NON_LITERAL_NULL_CONVERSION = YES;
				CLANG_WARN_OBJC_IMPLICIT_RETAIN_SELF = YES;
				CLANG_WARN_OBJC_LITERAL_CONVERSION = YES;
				CLANG_WARN_OBJC_ROOT_CLASS = YES_ERROR;
				CLANG_WARN_QUOTED_INCLUDE_IN_FRAMEWORK_HEADER = YES;
				CLANG_WARN_RANGE_LOOP_ANALYSIS = YES;
				CLANG_WARN_STRICT_PROTOTYPES = YES;
				CLANG_WARN_SUSPICIOUS_MOVE = YES;
				CLANG_WARN_UNGUARDED_AVAILABILITY = YES_AGGRESSIVE;
				CLANG_WARN_UNREACHABLE_CODE = YES;
				CLANG_WARN__DUPLICATE_METHOD_MATCH = YES;
				COPY_PHASE_STRIP = NO;
				DEBUG_INFORMATION_FORMAT = dwarf;
				ENABLE_STRICT_OBJC_MSGSEND = YES;
				ENABLE_TESTABILITY = YES;
				GCC_C_LANGUAGE_STANDARD = gnu11;
				GCC_DYNAMIC_NO_PIC = NO;
				GCC_NO_COMMON_BLOCKS = YES;
				GCC_OPTIMIZATION_LEVEL = 0;
				GCC_PREPROCESSOR_DEFINITIONS = (
					"DEBUG=1",
					"$(inherited)",
				);
				GCC_WARN_64_TO_32_BIT_CONVERSION = YES;
				GCC_WARN_ABOUT_RETURN_TYPE = YES_ERROR;
				GCC_WARN_UNDECLARED_SELECTOR = YES;
				GCC_WARN_UNINITIALIZED_AUTOS = YES_AGGRESSIVE;
				GCC_WARN_UNUSED_FUNCTION = YES;
				GCC_WARN_UNUSED_VARIABLE = YES;
				IPHONEOS_DEPLOYMENT_TARGET = 16.4;
				MTL_ENABLE_DEBUG_INFO = INCLUDE_SOURCE;
				MTL_FAST_MATH = YES;
				ONLY_ACTIVE_ARCH = YES;
				SDKROOT = iphoneos;
				SWIFT_ACTIVE_COMPILATION_CONDITIONS = DEBUG;
				SWIFT_OPTIMIZATION_LEVEL = "-Onone";
			};
			name = Debug;
		};
		BC7935462A0C102300E65E2F /* Release */ = {
			isa = XCBuildConfiguration;
			buildSettings = {
				ALWAYS_SEARCH_USER_PATHS = NO;
				CLANG_ANALYZER_NONNULL = YES;
				CLANG_ANALYZER_NUMBER_OBJECT_CONVERSION = YES_AGGRESSIVE;
				CLANG_CXX_LANGUAGE_STANDARD = "gnu++20";
				CLANG_ENABLE_MODULES = YES;
				CLANG_ENABLE_OBJC_ARC = YES;
				CLANG_ENABLE_OBJC_WEAK = YES;
				CLANG_WARN_BLOCK_CAPTURE_AUTORELEASING = YES;
				CLANG_WARN_BOOL_CONVERSION = YES;
				CLANG_WARN_COMMA = YES;
				CLANG_WARN_CONSTANT_CONVERSION = YES;
				CLANG_WARN_DEPRECATED_OBJC_IMPLEMENTATIONS = YES;
				CLANG_WARN_DIRECT_OBJC_ISA_USAGE = YES_ERROR;
				CLANG_WARN_DOCUMENTATION_COMMENTS = YES;
				CLANG_WARN_EMPTY_BODY = YES;
				CLANG_WARN_ENUM_CONVERSION = YES;
				CLANG_WARN_INFINITE_RECURSION = YES;
				CLANG_WARN_INT_CONVERSION = YES;
				CLANG_WARN_NON_LITERAL_NULL_CONVERSION = YES;
				CLANG_WARN_OBJC_IMPLICIT_RETAIN_SELF = YES;
				CLANG_WARN_OBJC_LITERAL_CONVERSION = YES;
				CLANG_WARN_OBJC_ROOT_CLASS = YES_ERROR;
				CLANG_WARN_QUOTED_INCLUDE_IN_FRAMEWORK_HEADER = YES;
				CLANG_WARN_RANGE_LOOP_ANALYSIS = YES;
				CLANG_WARN_STRICT_PROTOTYPES = YES;
				CLANG_WARN_SUSPICIOUS_MOVE = YES;
				CLANG_WARN_UNGUARDED_AVAILABILITY = YES_AGGRESSIVE;
				CLANG_WARN_UNREACHABLE_CODE = YES;
				CLANG_WARN__DUPLICATE_METHOD_MATCH = YES;
				COPY_PHASE_STRIP = NO;
				DEBUG_INFORMATION_FORMAT = "dwarf-with-dsym";
				ENABLE_NS_ASSERTIONS = NO;
				ENABLE_STRICT_OBJC_MSGSEND = YES;
				GCC_C_LANGUAGE_STANDARD = gnu11;
				GCC_NO_COMMON_BLOCKS = YES;
				GCC_WARN_64_TO_32_BIT_CONVERSION = YES;
				GCC_WARN_ABOUT_RETURN_TYPE = YES_ERROR;
				GCC_WARN_UNDECLARED_SELECTOR = YES;
				GCC_WARN_UNINITIALIZED_AUTOS = YES_AGGRESSIVE;
				GCC_WARN_UNUSED_FUNCTION = YES;
				GCC_WARN_UNUSED_VARIABLE = YES;
				IPHONEOS_DEPLOYMENT_TARGET = 16.4;
				MTL_ENABLE_DEBUG_INFO = NO;
				MTL_FAST_MATH = YES;
				SDKROOT = iphoneos;
				SWIFT_COMPILATION_MODE = wholemodule;
				SWIFT_OPTIMIZATION_LEVEL = "-O";
				VALIDATE_PRODUCT = YES;
			};
			name = Release;
		};
		BC7935482A0C102300E65E2F /* Debug */ = {
			isa = XCBuildConfiguration;
			buildSettings = {
				ASSETCATALOG_COMPILER_APPICON_NAME = AppIcon;
				ASSETCATALOG_COMPILER_GLOBAL_ACCENT_COLOR_NAME = AccentColor;
				CODE_SIGN_STYLE = Automatic;
				CURRENT_PROJECT_VERSION = 1;
				GENERATE_INFOPLIST_FILE = YES;
				INFOPLIST_FILE = bookingtable/Info.plist;
				INFOPLIST_KEY_UIApplicationSupportsIndirectInputEvents = YES;
				INFOPLIST_KEY_UILaunchStoryboardName = LaunchScreen;
				INFOPLIST_KEY_UIMainStoryboardFile = Main;
				INFOPLIST_KEY_UISupportedInterfaceOrientations_iPad = "UIInterfaceOrientationPortrait UIInterfaceOrientationPortraitUpsideDown UIInterfaceOrientationLandscapeLeft UIInterfaceOrientationLandscapeRight";
				INFOPLIST_KEY_UISupportedInterfaceOrientations_iPhone = "UIInterfaceOrientationPortrait UIInterfaceOrientationLandscapeLeft UIInterfaceOrientationLandscapeRight";
				LD_RUNPATH_SEARCH_PATHS = (
					"$(inherited)",
					"@executable_path/Frameworks",
				);
				MARKETING_VERSION = 1.0;
				PRODUCT_BUNDLE_IDENTIFIER = "gy-x.bookingtable";
				PRODUCT_NAME = "$(TARGET_NAME)";
				SWIFT_EMIT_LOC_STRINGS = YES;
				SWIFT_VERSION = 5.0;
				TARGETED_DEVICE_FAMILY = "1,2";
			};
			name = Debug;
		};
		BC7935492A0C102300E65E2F /* Release */ = {
			isa = XCBuildConfiguration;
			buildSettings = {
				ASSETCATALOG_COMPILER_APPICON_NAME = AppIcon;
				ASSETCATALOG_COMPILER_GLOBAL_ACCENT_COLOR_NAME = AccentColor;
				CODE_SIGN_STYLE = Automatic;
				CURRENT_PROJECT_VERSION = 1;
				GENERATE_INFOPLIST_FILE = YES;
				INFOPLIST_FILE = bookingtable/Info.plist;
				INFOPLIST_KEY_UIApplicationSupportsIndirectInputEvents = YES;
				INFOPLIST_KEY_UILaunchStoryboardName = LaunchScreen;
				INFOPLIST_KEY_UIMainStoryboardFile = Main;
				INFOPLIST_KEY_UISupportedInterfaceOrientations_iPad = "UIInterfaceOrientationPortrait UIInterfaceOrientationPortraitUpsideDown UIInterfaceOrientationLandscapeLeft UIInterfaceOrientationLandscapeRight";
				INFOPLIST_KEY_UISupportedInterfaceOrientations_iPhone = "UIInterfaceOrientationPortrait UIInterfaceOrientationLandscapeLeft UIInterfaceOrientationLandscapeRight";
				LD_RUNPATH_SEARCH_PATHS = (
					"$(inherited)",
					"@executable_path/Frameworks",
				);
				MARKETING_VERSION = 1.0;
				PRODUCT_BUNDLE_IDENTIFIER = "gy-x.bookingtable";
				PRODUCT_NAME = "$(TARGET_NAME)";
				SWIFT_EMIT_LOC_STRINGS = YES;
				SWIFT_VERSION = 5.0;
				TARGETED_DEVICE_FAMILY = "1,2";
			};
			name = Release;
		};
		BC79354B2A0C102300E65E2F /* Debug */ = {
			isa = XCBuildConfiguration;
			buildSettings = {
				ALWAYS_EMBED_SWIFT_STANDARD_LIBRARIES = YES;
				BUNDLE_LOADER = "$(TEST_HOST)";
				CODE_SIGN_STYLE = Automatic;
				CURRENT_PROJECT_VERSION = 1;
				GENERATE_INFOPLIST_FILE = YES;
				IPHONEOS_DEPLOYMENT_TARGET = 16.4;
				MARKETING_VERSION = 1.0;
				PRODUCT_BUNDLE_IDENTIFIER = "gy-x.bookingtableTests";
				PRODUCT_NAME = "$(TARGET_NAME)";
				SWIFT_EMIT_LOC_STRINGS = NO;
				SWIFT_VERSION = 5.0;
				TARGETED_DEVICE_FAMILY = "1,2";
				TEST_HOST = "$(BUILT_PRODUCTS_DIR)/bookingtable.app/$(BUNDLE_EXECUTABLE_FOLDER_PATH)/bookingtable";
			};
			name = Debug;
		};
		BC79354C2A0C102300E65E2F /* Release */ = {
			isa = XCBuildConfiguration;
			buildSettings = {
				ALWAYS_EMBED_SWIFT_STANDARD_LIBRARIES = YES;
				BUNDLE_LOADER = "$(TEST_HOST)";
				CODE_SIGN_STYLE = Automatic;
				CURRENT_PROJECT_VERSION = 1;
				GENERATE_INFOPLIST_FILE = YES;
				IPHONEOS_DEPLOYMENT_TARGET = 16.4;
				MARKETING_VERSION = 1.0;
				PRODUCT_BUNDLE_IDENTIFIER = "gy-x.bookingtableTests";
				PRODUCT_NAME = "$(TARGET_NAME)";
				SWIFT_EMIT_LOC_STRINGS = NO;
				SWIFT_VERSION = 5.0;
				TARGETED_DEVICE_FAMILY = "1,2";
				TEST_HOST = "$(BUILT_PRODUCTS_DIR)/bookingtable.app/$(BUNDLE_EXECUTABLE_FOLDER_PATH)/bookingtable";
			};
			name = Release;
		};
		BC79354E2A0C102300E65E2F /* Debug */ = {
			isa = XCBuildConfiguration;
			buildSettings = {
				ALWAYS_EMBED_SWIFT_STANDARD_LIBRARIES = YES;
				CODE_SIGN_STYLE = Automatic;
				CURRENT_PROJECT_VERSION = 1;
				GENERATE_INFOPLIST_FILE = YES;
				MARKETING_VERSION = 1.0;
				PRODUCT_BUNDLE_IDENTIFIER = "gy-x.bookingtableUITests";
				PRODUCT_NAME = "$(TARGET_NAME)";
				SWIFT_EMIT_LOC_STRINGS = NO;
				SWIFT_VERSION = 5.0;
				TARGETED_DEVICE_FAMILY = "1,2";
				TEST_TARGET_NAME = bookingtable;
			};
			name = Debug;
		};
		BC79354F2A0C102300E65E2F /* Release */ = {
			isa = XCBuildConfiguration;
			buildSettings = {
				ALWAYS_EMBED_SWIFT_STANDARD_LIBRARIES = YES;
				CODE_SIGN_STYLE = Automatic;
				CURRENT_PROJECT_VERSION = 1;
				GENERATE_INFOPLIST_FILE = YES;
				MARKETING_VERSION = 1.0;
				PRODUCT_BUNDLE_IDENTIFIER = "gy-x.bookingtableUITests";
				PRODUCT_NAME = "$(TARGET_NAME)";
				SWIFT_EMIT_LOC_STRINGS = NO;
				SWIFT_VERSION = 5.0;
				TARGETED_DEVICE_FAMILY = "1,2";
				TEST_TARGET_NAME = bookingtable;
			};
			name = Release;
		};
/* End XCBuildConfiguration section */

/* Begin XCConfigurationList section */
		BC7935182A0C102100E65E2F /* Build configuration list for PBXProject "bookingtable" */ = {
			isa = XCConfigurationList;
			buildConfigurations = (
				BC7935452A0C102300E65E2F /* Debug */,
				BC7935462A0C102300E65E2F /* Release */,
			);
			defaultConfigurationIsVisible = 0;
			defaultConfigurationName = Release;
		};
		BC7935472A0C102300E65E2F /* Build configuration list for PBXNativeTarget "bookingtable" */ = {
			isa = XCConfigurationList;
			buildConfigurations = (
				BC7935482A0C102300E65E2F /* Debug */,
				BC7935492A0C102300E65E2F /* Release */,
			);
			defaultConfigurationIsVisible = 0;
			defaultConfigurationName = Release;
		};
		BC79354A2A0C102300E65E2F /* Build configuration list for PBXNativeTarget "bookingtableTests" */ = {
			isa = XCConfigurationList;
			buildConfigurations = (
				BC79354B2A0C102300E65E2F /* Debug */,
				BC79354C2A0C102300E65E2F /* Release */,
			);
			defaultConfigurationIsVisible = 0;
			defaultConfigurationName = Release;
		};
		BC79354D2A0C102300E65E2F /* Build configuration list for PBXNativeTarget "bookingtableUITests" */ = {
			isa = XCConfigurationList;
			buildConfigurations = (
				BC79354E2A0C102300E65E2F /* Debug */,
				BC79354F2A0C102300E65E2F /* Release */,
			);
			defaultConfigurationIsVisible = 0;
			defaultConfigurationName = Release;
		};
/* End XCConfigurationList section */
	};
	rootObject = BC7935152A0C102100E65E2F /* Project object */;
}
